
Microsoft Visual Studio Solution File, Format Version 12.00
# Visual Studio Version 17
VisualStudioVersion = 17.11.35327.3
MinimumVisualStudioVersion = 10.0.40219.1
Project("{FAE04EC0-301F-11D3-BF4B-00C04F79EFBC}") = "Odev-Soru8", "Odev-Soru8.csproj", "{76A1DA52-F074-4267-98E0-661B18D789FE}"
EndProject
Global
	GlobalSection(SolutionConfigurationPlatforms) = preSolution
		Debug|Any CPU = Debug|Any CPU
		Release|Any CPU = Release|Any CPU
	EndGlobalSection
	GlobalSection(ProjectConfigurationPlatforms) = postSolution
		{76A1DA52-F074-4267-98E0-661B18D789FE}.Debug|Any CPU.ActiveCfg = Debug|Any CPU
		{76A1DA52-F074-4267-98E0-661B18D789FE}.Debug|Any CPU.Build.0 = Debug|Any CPU
		{76A1DA52-F074-4267-98E0-661B18D789FE}.Release|Any CPU.ActiveCfg = Release|Any CPU
		{76A1DA52-F074-4267-98E0-661B18D789FE}.Release|Any CPU.Build.0 = Release|Any CPU
	EndGlobalSection
	GlobalSection(SolutionProperties) = preSolution
		HideSolutionNode = FALSE
	EndGlobalSection
	GlobalSection(ExtensibilityGlobals) = postSolution
		SolutionGuid = {F35CFCAE-7469-4663-B851-FB366875BC2F}
	EndGlobalSection
EndGlobal
